
Microsoft Visual Studio Solution File, Format Version 12.00
# Visual Studio Version 17
VisualStudioVersion = 17.14.36623.8 d17.14
MinimumVisualStudioVersion = 10.0.40219.1
Project("{FAE04EC0-301F-11D3-BF4B-00C04F79EFBC}") = "VivajotProject", "VivajotProject.csproj", "{CBCCCE8F-1734-45DF-A474-FF7AC0547934}"
EndProject
Global
	GlobalSection(SolutionConfigurationPlatforms) = preSolution
		Debug|Any CPU = Debug|Any CPU
		Release|Any CPU = Release|Any CPU
	EndGlobalSection
	GlobalSection(ProjectConfigurationPlatforms) = postSolution
		{CBCCCE8F-1734-45DF-A474-FF7AC0547934}.Debug|Any CPU.ActiveCfg = Debug|Any CPU
		{CBCCCE8F-1734-45DF-A474-FF7AC0547934}.Debug|Any CPU.Build.0 = Debug|Any CPU
		{CBCCCE8F-1734-45DF-A474-FF7AC0547934}.Release|Any CPU.ActiveCfg = Release|Any CPU
		{CBCCCE8F-1734-45DF-A474-FF7AC0547934}.Release|Any CPU.Build.0 = Release|Any CPU
	EndGlobalSection
	GlobalSection(SolutionProperties) = preSolution
		HideSolutionNode = FALSE
	EndGlobalSection
	GlobalSection(ExtensibilityGlobals) = postSolution
		SolutionGuid = {01E39764-91E9-40E0-91AA-A7DBCA5FC157}
	EndGlobalSection
EndGlobal
